
Microsoft Visual Studio Solution File, Format Version 12.00
# Visual Studio Version 17
VisualStudioVersion = 17.1.31903.286
MinimumVisualStudioVersion = 10.0.40219.1
Project("{9A19103F-16F7-4668-BE54-9A1E7A4F7556}") = "View", "View\View.csproj", "{30E6ABCA-1C8C-4C64-9758-E1F09D1713E7}"
EndProject
Project("{9A19103F-16F7-4668-BE54-9A1E7A4F7556}") = "Model", "Model\Model.csproj", "{2774C1FC-3284-40A9-A65F-08503B33204E}"
EndProject
Project("{9A19103F-16F7-4668-BE54-9A1E7A4F7556}") = "Test", "Test\Test.csproj", "{BCD0A399-5920-4D40-AE6D-12352B3AB685}"
EndProject
Project("{9A19103F-16F7-4668-BE54-9A1E7A4F7556}") = "UnitTests", "UnitTests\UnitTests.csproj", "{77449835-1497-47B6-83B5-C9A945E58490}"
EndProject
Project("{FAE04EC0-301F-11D3-BF4B-00C04F79EFBC}") = "Viewmodel", "Viewmodel\Viewmodel.csproj", "{6BF4E95A-35FA-4CE5-B0C1-49029335D370}"
EndProject
Project("{FAE04EC0-301F-11D3-BF4B-00C04F79EFBC}") = "MicroMvvm", "MicroMvvm\MicroMvvm.csproj", "{9EFE6CBD-DF21-436E-9F81-E258BAB0B653}"
EndProject
Global
	GlobalSection(SolutionConfigurationPlatforms) = preSolution
		Debug|Any CPU = Debug|Any CPU
		Release|Any CPU = Release|Any CPU
	EndGlobalSection
	GlobalSection(ProjectConfigurationPlatforms) = postSolution
		{30E6ABCA-1C8C-4C64-9758-E1F09D1713E7}.Debug|Any CPU.ActiveCfg = Debug|Any CPU
		{30E6ABCA-1C8C-4C64-9758-E1F09D1713E7}.Debug|Any CPU.Build.0 = Debug|Any CPU
		{30E6ABCA-1C8C-4C64-9758-E1F09D1713E7}.Release|Any CPU.ActiveCfg = Release|Any CPU
		{30E6ABCA-1C8C-4C64-9758-E1F09D1713E7}.Release|Any CPU.Build.0 = Release|Any CPU
		{2774C1FC-3284-40A9-A65F-08503B33204E}.Debug|Any CPU.ActiveCfg = Debug|Any CPU
		{2774C1FC-3284-40A9-A65F-08503B33204E}.Debug|Any CPU.Build.0 = Debug|Any CPU
		{2774C1FC-3284-40A9-A65F-08503B33204E}.Release|Any CPU.ActiveCfg = Release|Any CPU
		{2774C1FC-3284-40A9-A65F-08503B33204E}.Release|Any CPU.Build.0 = Release|Any CPU
		{BCD0A399-5920-4D40-AE6D-12352B3AB685}.Debug|Any CPU.ActiveCfg = Debug|Any CPU
		{BCD0A399-5920-4D40-AE6D-12352B3AB685}.Debug|Any CPU.Build.0 = Debug|Any CPU
		{BCD0A399-5920-4D40-AE6D-12352B3AB685}.Release|Any CPU.ActiveCfg = Release|Any CPU
		{BCD0A399-5920-4D40-AE6D-12352B3AB685}.Release|Any CPU.Build.0 = Release|Any CPU
		{77449835-1497-47B6-83B5-C9A945E58490}.Debug|Any CPU.ActiveCfg = Debug|Any CPU
		{77449835-1497-47B6-83B5-C9A945E58490}.Debug|Any CPU.Build.0 = Debug|Any CPU
		{77449835-1497-47B6-83B5-C9A945E58490}.Release|Any CPU.ActiveCfg = Release|Any CPU
		{77449835-1497-47B6-83B5-C9A945E58490}.Release|Any CPU.Build.0 = Release|Any CPU
		{6BF4E95A-35FA-4CE5-B0C1-49029335D370}.Debug|Any CPU.ActiveCfg = Debug|Any CPU
		{6BF4E95A-35FA-4CE5-B0C1-49029335D370}.Debug|Any CPU.Build.0 = Debug|Any CPU
		{6BF4E95A-35FA-4CE5-B0C1-49029335D370}.Release|Any CPU.ActiveCfg = Release|Any CPU
		{6BF4E95A-35FA-4CE5-B0C1-49029335D370}.Release|Any CPU.Build.0 = Release|Any CPU
		{9EFE6CBD-DF21-436E-9F81-E258BAB0B653}.Debug|Any CPU.ActiveCfg = Debug|Any CPU
		{9EFE6CBD-DF21-436E-9F81-E258BAB0B653}.Debug|Any CPU.Build.0 = Debug|Any CPU
		{9EFE6CBD-DF21-436E-9F81-E258BAB0B653}.Release|Any CPU.ActiveCfg = Release|Any CPU
		{9EFE6CBD-DF21-436E-9F81-E258BAB0B653}.Release|Any CPU.Build.0 = Release|Any CPU
	EndGlobalSection
	GlobalSection(SolutionProperties) = preSolution
		HideSolutionNode = FALSE
	EndGlobalSection
	GlobalSection(ExtensibilityGlobals) = postSolution
		SolutionGuid = {A63A8679-2A68-40AE-B9CE-E191B3ED7C87}
	EndGlobalSection
EndGlobal
